{
  "name": "hello-bot",
  "version": "1.0.0",
  "lockfileVersion": 1,
  "requires": true,
  "dependencies": {
    "@chitchatjs/core": {
      "version": "0.0.3",
      "resolved": "https://registry.npmjs.org/@chitchatjs/core/-/core-0.0.3.tgz",
      "integrity": "sha512-hCakah2L6GhXsc7YQkCPKGysAK4fX+4hlMntEl1oNG4zfTtJ4vxbTns1oN4/nZ9PJBlcZMT36MukYQ3GTp5lhQ=="
    }
  }
}
