{
  "name": "@chitchatjs/alexa",
  "version": "0.0.4",
  "lockfileVersion": 1,
  "requires": true,
  "dependencies": {
    "ask-sdk-core": {
      "version": "2.9.0",
      "resolved": "https://registry.npmjs.org/ask-sdk-core/-/ask-sdk-core-2.9.0.tgz",
      "integrity": "sha512-qTD8CuCp2ymb92neEztImLiVlWp5Os/reiPjBXJJyhUNBX2vP1lFbgp+oawjF6cYqF/W/FIajd/UddbiKJ+vMw==",
      "requires": {
        "ask-sdk-runtime": "^2.8.0"
      }
    },
    "ask-sdk-model": {
      "version": "1.33.0",
      "resolved": "https://registry.npmjs.org/ask-sdk-model/-/ask-sdk-model-1.33.0.tgz",
      "integrity": "sha512-7dRWvBM05UdbDWLewhBuiKni4ohKgWYwpAZY5xb7+/71ij+FCXhBfnSWJahCl1CWkKRLJg22tF7fnwtSCWSyYA=="
    },
    "ask-sdk-runtime": {
      "version": "2.8.0",
      "resolved": "https://registry.npmjs.org/ask-sdk-runtime/-/ask-sdk-runtime-2.8.0.tgz",
      "integrity": "sha512-hsVDcFKcbuj2H7MuAUlW0RBCTF8QOXfVCsrWSIgV2ABi8+PyI0zGUe8TdkQOGsPrDAv1PIzOS42QYqxWwPsp2g=="
    }
  }
}
