{
    "name": "@chitchatjs/alexa",
    "version": "0.0.20",
    "lockfileVersion": 1,
    "requires": true,
    "dependencies": {
        "@chitchatjs/core": {
            "version": "0.0.11",
            "resolved": "https://registry.npmjs.org/@chitchatjs/core/-/core-0.0.11.tgz",
            "integrity": "sha512-CPa4YN1slg4S7Qx9TEmkVT/ZhrTRgebUYgDmN08hZNYETvynks7k7LisYozKnjH4EqV6TI9UkmOi9CD+V96b3Q==",
            "requires": {
                "ask-sdk-core": "^2.9.0",
                "ask-sdk-model": "^1.33.0",
                "ask-smapi-model": "^1.12.3",
                "fs": "0.0.1-security",
                "fs-extra": "^9.0.1",
                "mustache": "^4.0.1",
                "shelljs": "^0.8.4"
            }
        },
        "@types/mustache": {
            "version": "4.0.1",
            "resolved": "https://registry.npmjs.org/@types/mustache/-/mustache-4.0.1.tgz",
            "integrity": "sha512-wH6Tu9mbiOt0n5EvdoWy0VGQaJMHfLIxY/6wS0xLC7CV1taM6gESEzcYy0ZlWvxxiiljYvfDIvz4hHbUUDRlhw==",
            "dev": true
        },
        "ask-sdk-core": {
            "version": "2.9.0",
            "resolved": "https://registry.npmjs.org/ask-sdk-core/-/ask-sdk-core-2.9.0.tgz",
            "integrity": "sha512-qTD8CuCp2ymb92neEztImLiVlWp5Os/reiPjBXJJyhUNBX2vP1lFbgp+oawjF6cYqF/W/FIajd/UddbiKJ+vMw==",
            "requires": {
                "ask-sdk-runtime": "^2.8.0"
            }
        },
        "ask-sdk-model": {
            "version": "1.33.0",
            "resolved": "https://registry.npmjs.org/ask-sdk-model/-/ask-sdk-model-1.33.0.tgz",
            "integrity": "sha512-7dRWvBM05UdbDWLewhBuiKni4ohKgWYwpAZY5xb7+/71ij+FCXhBfnSWJahCl1CWkKRLJg22tF7fnwtSCWSyYA=="
        },
        "ask-sdk-model-runtime": {
            "version": "1.2.1",
            "resolved": "https://registry.npmjs.org/ask-sdk-model-runtime/-/ask-sdk-model-runtime-1.2.1.tgz",
            "integrity": "sha512-3tM9E9Afs+PiYMHC/awUdtK3vZbT8YJo6PHwFop5FztN21n1kwRd++r6fRR727WCmLZPjbhSg9QifSGVEBUX8g=="
        },
        "ask-sdk-runtime": {
            "version": "2.8.0",
            "resolved": "https://registry.npmjs.org/ask-sdk-runtime/-/ask-sdk-runtime-2.8.0.tgz",
            "integrity": "sha512-hsVDcFKcbuj2H7MuAUlW0RBCTF8QOXfVCsrWSIgV2ABi8+PyI0zGUe8TdkQOGsPrDAv1PIzOS42QYqxWwPsp2g=="
        },
        "ask-smapi-model": {
            "version": "1.12.3",
            "resolved": "https://registry.npmjs.org/ask-smapi-model/-/ask-smapi-model-1.12.3.tgz",
            "integrity": "sha512-nH9rtw275x3KdnLyOG8j6kkwe2OdlKoea4TZP0wzhvGOMVb7O2H/EeaFhsJ+s/4bPN3grL2CF9aZkP13O2Ll7g==",
            "requires": {
                "ask-sdk-model-runtime": "^1.1.0"
            }
        },
        "at-least-node": {
            "version": "1.0.0",
            "resolved": "https://registry.npmjs.org/at-least-node/-/at-least-node-1.0.0.tgz",
            "integrity": "sha512-+q/t7Ekv1EDY2l6Gda6LLiX14rU9TV20Wa3ofeQmwPFZbOMo9DXrLbOjFaaclkXKWidIaopwAObQDqwWtGUjqg=="
        },
        "balanced-match": {
            "version": "1.0.0",
            "resolved": "https://registry.npmjs.org/balanced-match/-/balanced-match-1.0.0.tgz",
            "integrity": "sha1-ibTRmasr7kneFk6gK4nORi1xt2c="
        },
        "brace-expansion": {
            "version": "1.1.11",
            "resolved": "https://registry.npmjs.org/brace-expansion/-/brace-expansion-1.1.11.tgz",
            "integrity": "sha512-iCuPHDFgrHX7H2vEI/5xpz07zSHB00TpugqhmYtVmMO6518mCuRMoOYFldEBl0g187ufozdaHgWKcYFb61qGiA==",
            "requires": {
                "balanced-match": "^1.0.0",
                "concat-map": "0.0.1"
            }
        },
        "concat-map": {
            "version": "0.0.1",
            "resolved": "https://registry.npmjs.org/concat-map/-/concat-map-0.0.1.tgz",
            "integrity": "sha1-2Klr13/Wjfd5OnMDajug1UBdR3s="
        },
        "fs": {
            "version": "0.0.1-security",
            "resolved": "https://registry.npmjs.org/fs/-/fs-0.0.1-security.tgz",
            "integrity": "sha1-invTcYa23d84E/I4WLV+yq9eQdQ="
        },
        "fs-extra": {
            "version": "9.0.1",
            "resolved": "https://registry.npmjs.org/fs-extra/-/fs-extra-9.0.1.tgz",
            "integrity": "sha512-h2iAoN838FqAFJY2/qVpzFXy+EBxfVE220PalAqQLDVsFOHLJrZvut5puAbCdNv6WJk+B8ihI+k0c7JK5erwqQ==",
            "requires": {
                "at-least-node": "^1.0.0",
                "graceful-fs": "^4.2.0",
                "jsonfile": "^6.0.1",
                "universalify": "^1.0.0"
            }
        },
        "fs.realpath": {
            "version": "1.0.0",
            "resolved": "https://registry.npmjs.org/fs.realpath/-/fs.realpath-1.0.0.tgz",
            "integrity": "sha1-FQStJSMVjKpA20onh8sBQRmU6k8="
        },
        "glob": {
            "version": "7.1.6",
            "resolved": "https://registry.npmjs.org/glob/-/glob-7.1.6.tgz",
            "integrity": "sha512-LwaxwyZ72Lk7vZINtNNrywX0ZuLyStrdDtabefZKAY5ZGJhVtgdznluResxNmPitE0SAO+O26sWTHeKSI2wMBA==",
            "requires": {
                "fs.realpath": "^1.0.0",
                "inflight": "^1.0.4",
                "inherits": "2",
                "minimatch": "^3.0.4",
                "once": "^1.3.0",
                "path-is-absolute": "^1.0.0"
            }
        },
        "graceful-fs": {
            "version": "4.2.4",
            "resolved": "https://registry.npmjs.org/graceful-fs/-/graceful-fs-4.2.4.tgz",
            "integrity": "sha512-WjKPNJF79dtJAVniUlGGWHYGz2jWxT6VhN/4m1NdkbZ2nOsEF+cI1Edgql5zCRhs/VsQYRvrXctxktVXZUkixw=="
        },
        "inflight": {
            "version": "1.0.6",
            "resolved": "https://registry.npmjs.org/inflight/-/inflight-1.0.6.tgz",
            "integrity": "sha1-Sb1jMdfQLQwJvJEKEHW6gWW1bfk=",
            "requires": {
                "once": "^1.3.0",
                "wrappy": "1"
            }
        },
        "inherits": {
            "version": "2.0.4",
            "resolved": "https://registry.npmjs.org/inherits/-/inherits-2.0.4.tgz",
            "integrity": "sha512-k/vGaX4/Yla3WzyMCvTQOXYeIHvqOKtnqBduzTHpzpQZzAskKMhZ2K+EnBiSM9zGSoIFeMpXKxa4dYeZIQqewQ=="
        },
        "interpret": {
            "version": "1.4.0",
            "resolved": "https://registry.npmjs.org/interpret/-/interpret-1.4.0.tgz",
            "integrity": "sha512-agE4QfB2Lkp9uICn7BAqoscw4SZP9kTE2hxiFI3jBPmXJfdqiahTbUuKGsMoN2GtqL9AxhYioAcVvgsb1HvRbA=="
        },
        "jsonfile": {
            "version": "6.0.1",
            "resolved": "https://registry.npmjs.org/jsonfile/-/jsonfile-6.0.1.tgz",
            "integrity": "sha512-jR2b5v7d2vIOust+w3wtFKZIfpC2pnRmFAhAC/BuweZFQR8qZzxH1OyrQ10HmdVYiXWkYUqPVsz91cG7EL2FBg==",
            "requires": {
                "graceful-fs": "^4.1.6",
                "universalify": "^1.0.0"
            }
        },
        "minimatch": {
            "version": "3.0.4",
            "resolved": "https://registry.npmjs.org/minimatch/-/minimatch-3.0.4.tgz",
            "integrity": "sha512-yJHVQEhyqPLUTgt9B83PXu6W3rx4MvvHvSUvToogpwoGDOUQ+yDrR0HRot+yOCdCO7u4hX3pWft6kWBBcqh0UA==",
            "requires": {
                "brace-expansion": "^1.1.7"
            }
        },
        "mustache": {
            "version": "4.0.1",
            "resolved": "https://registry.npmjs.org/mustache/-/mustache-4.0.1.tgz",
            "integrity": "sha512-yL5VE97+OXn4+Er3THSmTdCFCtx5hHWzrolvH+JObZnUYwuaG7XV+Ch4fR2cIrcYI0tFHxS7iyFYl14bW8y2sA=="
        },
        "once": {
            "version": "1.4.0",
            "resolved": "https://registry.npmjs.org/once/-/once-1.4.0.tgz",
            "integrity": "sha1-WDsap3WWHUsROsF9nFC6753Xa9E=",
            "requires": {
                "wrappy": "1"
            }
        },
        "path-is-absolute": {
            "version": "1.0.1",
            "resolved": "https://registry.npmjs.org/path-is-absolute/-/path-is-absolute-1.0.1.tgz",
            "integrity": "sha1-F0uSaHNVNP+8es5r9TpanhtcX18="
        },
        "path-parse": {
            "version": "1.0.6",
            "resolved": "https://registry.npmjs.org/path-parse/-/path-parse-1.0.6.tgz",
            "integrity": "sha512-GSmOT2EbHrINBf9SR7CDELwlJ8AENk3Qn7OikK4nFYAu3Ote2+JYNVvkpAEQm3/TLNEJFD/xZJjzyxg3KBWOzw=="
        },
        "rechoir": {
            "version": "0.6.2",
            "resolved": "https://registry.npmjs.org/rechoir/-/rechoir-0.6.2.tgz",
            "integrity": "sha1-hSBLVNuoLVdC4oyWdW70OvUOM4Q=",
            "requires": {
                "resolve": "^1.1.6"
            }
        },
        "resolve": {
            "version": "1.17.0",
            "resolved": "https://registry.npmjs.org/resolve/-/resolve-1.17.0.tgz",
            "integrity": "sha512-ic+7JYiV8Vi2yzQGFWOkiZD5Z9z7O2Zhm9XMaTxdJExKasieFCr+yXZ/WmXsckHiKl12ar0y6XiXDx3m4RHn1w==",
            "requires": {
                "path-parse": "^1.0.6"
            }
        },
        "shelljs": {
            "version": "0.8.4",
            "resolved": "https://registry.npmjs.org/shelljs/-/shelljs-0.8.4.tgz",
            "integrity": "sha512-7gk3UZ9kOfPLIAbslLzyWeGiEqx9e3rxwZM0KE6EL8GlGwjym9Mrlx5/p33bWTu9YG6vcS4MBxYZDHYr5lr8BQ==",
            "requires": {
                "glob": "^7.0.0",
                "interpret": "^1.0.0",
                "rechoir": "^0.6.2"
            }
        },
        "universalify": {
            "version": "1.0.0",
            "resolved": "https://registry.npmjs.org/universalify/-/universalify-1.0.0.tgz",
            "integrity": "sha512-rb6X1W158d7pRQBg5gkR8uPaSfiids68LTJQYOtEUhoJUWBdaQHsuT/EUduxXYxcrt4r5PJ4fuHW1MHT6p0qug=="
        },
        "wrappy": {
            "version": "1.0.2",
            "resolved": "https://registry.npmjs.org/wrappy/-/wrappy-1.0.2.tgz",
            "integrity": "sha1-tSQ9jz7BqjXxNkYFvA0QNuMKtp8="
        }
    }
}
